
Microsoft Visual Studio Solution File, Format Version 12.00
# Visual Studio 15
VisualStudioVersion = 15.0.28010.2003
MinimumVisualStudioVersion = 10.0.40219.1
Project("{FAE04EC0-301F-11D3-BF4B-00C04F79EFBC}") = "CodeRethinked.SignalRStreaming", "CodeRethinked.SignalRStreaming\CodeRethinked.SignalRStreaming.csproj", "{667ABA68-53C1-46FF-961F-B8A4D78CB9BD}"
EndProject
Global
	GlobalSection(SolutionConfigurationPlatforms) = preSolution
		Debug|Any CPU = Debug|Any CPU
		Release|Any CPU = Release|Any CPU
	EndGlobalSection
	GlobalSection(ProjectConfigurationPlatforms) = postSolution
		{667ABA68-53C1-46FF-961F-B8A4D78CB9BD}.Debug|Any CPU.ActiveCfg = Debug|Any CPU
		{667ABA68-53C1-46FF-961F-B8A4D78CB9BD}.Debug|Any CPU.Build.0 = Debug|Any CPU
		{667ABA68-53C1-46FF-961F-B8A4D78CB9BD}.Release|Any CPU.ActiveCfg = Release|Any CPU
		{667ABA68-53C1-46FF-961F-B8A4D78CB9BD}.Release|Any CPU.Build.0 = Release|Any CPU
	EndGlobalSection
	GlobalSection(SolutionProperties) = preSolution
		HideSolutionNode = FALSE
	EndGlobalSection
	GlobalSection(ExtensibilityGlobals) = postSolution
		SolutionGuid = {03EFD8B4-9C58-4A71-AABD-DF2FA21476CC}
	EndGlobalSection
EndGlobal
